// !$*UTF8*$!
{
	archiveVersion = 1;
	classes = {
	};
	objectVersion = 48;
	objects = {

/* Begin PBXBuildFile section */
		B21ABFCD206E54A30055B2D9 /* AppDelegate.swift in Sources */ = {isa = PBXBuildFile; fileRef = B21ABFCC206E54A30055B2D9 /* AppDelegate.swift */; };
		B21ABFCF206E54A30055B2D9 /* ViewController.swift in Sources */ = {isa = PBXBuildFile; fileRef = B21ABFCE206E54A30055B2D9 /* ViewController.swift */; };
		B21ABFD2206E54A30055B2D9 /* Main.storyboard in Resources */ = {isa = PBXBuildFile; fileRef = B21ABFD0206E54A30055B2D9 /* Main.storyboard */; };
		B21ABFD4206E54A30055B2D9 /* Assets.xcassets in Resources */ = {isa = PBXBuildFile; fileRef = B21ABFD3206E54A30055B2D9 /* Assets.xcassets */; };
		B21ABFD7206E54A30055B2D9 /* LaunchScreen.storyboard in Resources */ = {isa = PBXBuildFile; fileRef = B21ABFD5206E54A30055B2D9 /* LaunchScreen.storyboard */; };
		B21ABFE2206E54A30055B2D9 /* finalTests.swift in Sources */ = {isa = PBXBuildFile; fileRef = B21ABFE1206E54A30055B2D9 /* finalTests.swift */; };
		B21ABFED206E54A30055B2D9 /* finalUITests.swift in Sources */ = {isa = PBXBuildFile; fileRef = B21ABFEC206E54A30055B2D9 /* finalUITests.swift */; };
/* End PBXBuildFile section */

/* Begin PBXContainerItemProxy section */
		B21ABFDE206E54A30055B2D9 /* PBXContainerItemProxy */ = {
			isa = PBXContainerItemProxy;
			containerPortal = B21ABFC1206E54A30055B2D9 /* Project object */;
			proxyType = 1;
			remoteGlobalIDString = B21ABFC8206E54A30055B2D9;
			remoteInfo = final;
		};
		B21ABFE9206E54A30055B2D9 /* PBXContainerItemProxy */ = {
			isa = PBXContainerItemProxy;
			containerPortal = B21ABFC1206E54A30055B2D9 /* Project object */;
			proxyType = 1;
			remoteGlobalIDString = B21ABFC8206E54A30055B2D9;
			remoteInfo = final;
		};
/* End PBXContainerItemProxy section */

/* Begin PBXFileReference section */
		B21ABFC9206E54A30055B2D9 /* final.app */ = {isa = PBXFileReference; explicitFileType = wrapper.application; includeInIndex = 0; path = final.app; sourceTree = BUILT_PRODUCTS_DIR; };
		B21ABFCC206E54A30055B2D9 /* AppDelegate.swift */ = {isa = PBXFileReference; lastKnownFileType = sourcecode.swift; path = AppDelegate.swift; sourceTree = "<group>"; };
		B21ABFCE206E54A30055B2D9 /* ViewController.swift */ = {isa = PBXFileReference; lastKnownFileType = sourcecode.swift; path = ViewController.swift; sourceTree = "<group>"; };
		B21ABFD1206E54A30055B2D9 /* Base */ = {isa = PBXFileReference; lastKnownFileType = file.storyboard; name = Base; path = Base.lproj/Main.storyboard; sourceTree = "<group>"; };
		B21ABFD3206E54A30055B2D9 /* Assets.xcassets */ = {isa = PBXFileReference; lastKnownFileType = folder.assetcatalog; path = Assets.xcassets; sourceTree = "<group>"; };
		B21ABFD6206E54A30055B2D9 /* Base */ = {isa = PBXFileReference; lastKnownFileType = file.storyboard; name = Base; path = Base.lproj/LaunchScreen.storyboard; sourceTree = "<group>"; };
		B21ABFD8206E54A30055B2D9 /* Info.plist */ = {isa = PBXFileReference; lastKnownFileType = text.plist.xml; path = Info.plist; sourceTree = "<group>"; };
		B21ABFDD206E54A30055B2D9 /* finalTests.xctest */ = {isa = PBXFileReference; explicitFileType = wrapper.cfbundle; includeInIndex = 0; path = finalTests.xctest; sourceTree = BUILT_PRODUCTS_DIR; };
		B21ABFE1206E54A30055B2D9 /* finalTests.swift */ = {isa = PBXFileReference; lastKnownFileType = sourcecode.swift; path = finalTests.swift; sourceTree = "<group>"; };
		B21ABFE3206E54A30055B2D9 /* Info.plist */ = {isa = PBXFileReference; lastKnownFileType = text.plist.xml; path = Info.plist; sourceTree = "<group>"; };
		B21ABFE8206E54A30055B2D9 /* finalUITests.xctest */ = {isa = PBXFileReference; explicitFileType = wrapper.cfbundle; includeInIndex = 0; path = finalUITests.xctest; sourceTree = BUILT_PRODUCTS_DIR; };
		B21ABFEC206E54A30055B2D9 /* finalUITests.swift */ = {isa = PBXFileReference; lastKnownFileType = sourcecode.swift; path = finalUITests.swift; sourceTree = "<group>"; };
		B21ABFEE206E54A30055B2D9 /* Info.plist */ = {isa = PBXFileReference; lastKnownFileType = text.plist.xml; path = Info.plist; sourceTree = "<group>"; };
/* End PBXFileReference section */

/* Begin PBXFrameworksBuildPhase section */
		B21ABFC6206E54A30055B2D9 /* Frameworks */ = {
			isa = PBXFrameworksBuildPhase;
			buildActionMask = 2147483647;
			files = (
			);
			runOnlyForDeploymentPostprocessing = 0;
		};
		B21ABFDA206E54A30055B2D9 /* Frameworks */ = {
			isa = PBXFrameworksBuildPhase;
			buildActionMask = 2147483647;
			files = (
			);
			runOnlyForDeploymentPostprocessing = 0;
		};
		B21ABFE5206E54A30055B2D9 /* Frameworks */ = {
			isa = PBXFrameworksBuildPhase;
			buildActionMask = 2147483647;
			files = (
			);
			runOnlyForDeploymentPostprocessing = 0;
		};
/* End PBXFrameworksBuildPhase section */

/* Begin PBXGroup section */
		B21ABFC0206E54A30055B2D9 = {
			isa = PBXGroup;
			children = (
				B21ABFCB206E54A30055B2D9 /* final */,
				B21ABFE0206E54A30055B2D9 /* finalTests */,
				B21ABFEB206E54A30055B2D9 /* finalUITests */,
				B21ABFCA206E54A30055B2D9 /* Products */,
			);
			sourceTree = "<group>";
		};
		B21ABFCA206E54A30055B2D9 /* Products */ = {
			isa = PBXGroup;
			children = (
				B21ABFC9206E54A30055B2D9 /* final.app */,
				B21ABFDD206E54A30055B2D9 /* finalTests.xctest */,
				B21ABFE8206E54A30055B2D9 /* finalUITests.xctest */,
			);
			name = Products;
			sourceTree = "<group>";
		};
		B21ABFCB206E54A30055B2D9 /* final */ = {
			isa = PBXGroup;
			children = (
				B21ABFCC206E54A30055B2D9 /* AppDelegate.swift */,
				B21ABFCE206E54A30055B2D9 /* ViewController.swift */,
				B21ABFD0206E54A30055B2D9 /* Main.storyboard */,
				B21ABFD3206E54A30055B2D9 /* Assets.xcassets */,
				B21ABFD5206E54A30055B2D9 /* LaunchScreen.storyboard */,
				B21ABFD8206E54A30055B2D9 /* Info.plist */,
			);
			path = final;
			sourceTree = "<group>";
		};
		B21ABFE0206E54A30055B2D9 /* finalTests */ = {
			isa = PBXGroup;
			children = (
				B21ABFE1206E54A30055B2D9 /* finalTests.swift */,
				B21ABFE3206E54A30055B2D9 /* Info.plist */,
			);
			path = finalTests;
			sourceTree = "<group>";
		};
		B21ABFEB206E54A30055B2D9 /* finalUITests */ = {
			isa = PBXGroup;
			children = (
				B21ABFEC206E54A30055B2D9 /* finalUITests.swift */,
				B21ABFEE206E54A30055B2D9 /* Info.plist */,
			);
			path = finalUITests;
			sourceTree = "<group>";
		};
/* End PBXGroup section */

/* Begin PBXNativeTarget section */
		B21ABFC8206E54A30055B2D9 /* final */ = {
			isa = PBXNativeTarget;
			buildConfigurationList = B21ABFF1206E54A30055B2D9 /* Build configuration list for PBXNativeTarget "final" */;
			buildPhases = (
				B21ABFC5206E54A30055B2D9 /* Sources */,
				B21ABFC6206E54A30055B2D9 /* Frameworks */,
				B21ABFC7206E54A30055B2D9 /* Resources */,
			);
			buildRules = (
			);
			dependencies = (
			);
			name = final;
			productName = final;
			productReference = B21ABFC9206E54A30055B2D9 /* final.app */;
			productType = "com.apple.product-type.application";
		};
		B21ABFDC206E54A30055B2D9 /* finalTests */ = {
			isa = PBXNativeTarget;
			buildConfigurationList = B21ABFF4206E54A30055B2D9 /* Build configuration list for PBXNativeTarget "finalTests" */;
			buildPhases = (
				B21ABFD9206E54A30055B2D9 /* Sources */,
				B21ABFDA206E54A30055B2D9 /* Frameworks */,
				B21ABFDB206E54A30055B2D9 /* Resources */,
			);
			buildRules = (
			);
			dependencies = (
				B21ABFDF206E54A30055B2D9 /* PBXTargetDependency */,
			);
			name = finalTests;
			productName = finalTests;
			productReference = B21ABFDD206E54A30055B2D9 /* finalTests.xctest */;
			productType = "com.apple.product-type.bundle.unit-test";
		};
		B21ABFE7206E54A30055B2D9 /* finalUITests */ = {
			isa = PBXNativeTarget;
			buildConfigurationList = B21ABFF7206E54A30055B2D9 /* Build configuration list for PBXNativeTarget "finalUITests" */;
			buildPhases = (
				B21ABFE4206E54A30055B2D9 /* Sources */,
				B21ABFE5206E54A30055B2D9 /* Frameworks */,
				B21ABFE6206E54A30055B2D9 /* Resources */,
			);
			buildRules = (
			);
			dependencies = (
				B21ABFEA206E54A30055B2D9 /* PBXTargetDependency */,
			);
			name = finalUITests;
			productName = finalUITests;
			productReference = B21ABFE8206E54A30055B2D9 /* finalUITests.xctest */;
			productType = "com.apple.product-type.bundle.ui-testing";
		};
/* End PBXNativeTarget section */

/* Begin PBXProject section */
		B21ABFC1206E54A30055B2D9 /* Project object */ = {
			isa = PBXProject;
			attributes = {
				LastSwiftUpdateCheck = 0920;
				LastUpgradeCheck = 0920;
				ORGANIZATIONNAME = "Haik Ampardjian";
				TargetAttributes = {
					B21ABFC8206E54A30055B2D9 = {
						CreatedOnToolsVersion = 9.2;
						ProvisioningStyle = Automatic;
					};
					B21ABFDC206E54A30055B2D9 = {
						CreatedOnToolsVersion = 9.2;
						ProvisioningStyle = Automatic;
						TestTargetID = B21ABFC8206E54A30055B2D9;
					};
					B21ABFE7206E54A30055B2D9 = {
						CreatedOnToolsVersion = 9.2;
						ProvisioningStyle = Automatic;
						TestTargetID = B21ABFC8206E54A30055B2D9;
					};
				};
			};
			buildConfigurationList = B21ABFC4206E54A30055B2D9 /* Build configuration list for PBXProject "final" */;
			compatibilityVersion = "Xcode 8.0";
			developmentRegion = en;
			hasScannedForEncodings = 0;
			knownRegions = (
				en,
				Base,
			);
			mainGroup = B21ABFC0206E54A30055B2D9;
			productRefGroup = B21ABFCA206E54A30055B2D9 /* Products */;
			projectDirPath = "";
			projectRoot = "";
			targets = (
				B21ABFC8206E54A30055B2D9 /* final */,
				B21ABFDC206E54A30055B2D9 /* finalTests */,
				B21ABFE7206E54A30055B2D9 /* finalUITests */,
			);
		};
/* End PBXProject section */

/* Begin PBXResourcesBuildPhase section */
		B21ABFC7206E54A30055B2D9 /* Resources */ = {
			isa = PBXResourcesBuildPhase;
			buildActionMask = 2147483647;
			files = (
				B21ABFD7206E54A30055B2D9 /* LaunchScreen.storyboard in Resources */,
				B21ABFD4206E54A30055B2D9 /* Assets.xcassets in Resources */,
				B21ABFD2206E54A30055B2D9 /* Main.storyboard in Resources */,
			);
			runOnlyForDeploymentPostprocessing = 0;
		};
		B21ABFDB206E54A30055B2D9 /* Resources */ = {
			isa = PBXResourcesBuildPhase;
			buildActionMask = 2147483647;
			files = (
			);
			runOnlyForDeploymentPostprocessing = 0;
		};
		B21ABFE6206E54A30055B2D9 /* Resources */ = {
			isa = PBXResourcesBuildPhase;
			buildActionMask = 2147483647;
			files = (
			);
			runOnlyForDeploymentPostprocessing = 0;
		};
/* End PBXResourcesBuildPhase section */

/* Begin PBXSourcesBuildPhase section */
		B21ABFC5206E54A30055B2D9 /* Sources */ = {
			isa = PBXSourcesBuildPhase;
			buildActionMask = 2147483647;
			files = (
				B21ABFCF206E54A30055B2D9 /* ViewController.swift in Sources */,
				B21ABFCD206E54A30055B2D9 /* AppDelegate.swift in Sources */,
			);
			runOnlyForDeploymentPostprocessing = 0;
		};
		B21ABFD9206E54A30055B2D9 /* Sources */ = {
			isa = PBXSourcesBuildPhase;
			buildActionMask = 2147483647;
			files = (
				B21ABFE2206E54A30055B2D9 /* finalTests.swift in Sources */,
			);
			runOnlyForDeploymentPostprocessing = 0;
		};
		B21ABFE4206E54A30055B2D9 /* Sources */ = {
			isa = PBXSourcesBuildPhase;
			buildActionMask = 2147483647;
			files = (
				B21ABFED206E54A30055B2D9 /* finalUITests.swift in Sources */,
			);
			runOnlyForDeploymentPostprocessing = 0;
		};
/* End PBXSourcesBuildPhase section */

/* Begin PBXTargetDependency section */
		B21ABFDF206E54A30055B2D9 /* PBXTargetDependency */ = {
			isa = PBXTargetDependency;
			target = B21ABFC8206E54A30055B2D9 /* final */;
			targetProxy = B21ABFDE206E54A30055B2D9 /* PBXContainerItemProxy */;
		};
		B21ABFEA206E54A30055B2D9 /* PBXTargetDependency */ = {
			isa = PBXTargetDependency;
			target = B21ABFC8206E54A30055B2D9 /* final */;
			targetProxy = B21ABFE9206E54A30055B2D9 /* PBXContainerItemProxy */;
		};
/* End PBXTargetDependency section */

/* Begin PBXVariantGroup section */
		B21ABFD0206E54A30055B2D9 /* Main.storyboard */ = {
			isa = PBXVariantGroup;
			children = (
				B21ABFD1206E54A30055B2D9 /* Base */,
			);
			name = Main.storyboard;
			sourceTree = "<group>";
		};
		B21ABFD5206E54A30055B2D9 /* LaunchScreen.storyboard */ = {
			isa = PBXVariantGroup;
			children = (
				B21ABFD6206E54A30055B2D9 /* Base */,
			);
			name = LaunchScreen.storyboard;
			sourceTree = "<group>";
		};
/* End PBXVariantGroup section */

/* Begin XCBuildConfiguration section */
		B21ABFEF206E54A30055B2D9 /* Debug */ = {
			isa = XCBuildConfiguration;
			buildSettings = {
				ALWAYS_SEARCH_USER_PATHS = NO;
				CLANG_ANALYZER_NONNULL = YES;
				CLANG_ANALYZER_NUMBER_OBJECT_CONVERSION = YES_AGGRESSIVE;
				CLANG_CXX_LANGUAGE_STANDARD = "gnu++14";
				CLANG_CXX_LIBRARY = "libc++";
				CLANG_ENABLE_MODULES = YES;
				CLANG_ENABLE_OBJC_ARC = YES;
				CLANG_WARN_BLOCK_CAPTURE_AUTORELEASING = YES;
				CLANG_WARN_BOOL_CONVERSION = YES;
				CLANG_WARN_COMMA = YES;
				CLANG_WARN_CONSTANT_CONVERSION = YES;
				CLANG_WARN_DIRECT_OBJC_ISA_USAGE = YES_ERROR;
				CLANG_WARN_DOCUMENTATION_COMMENTS = YES;
				CLANG_WARN_EMPTY_BODY = YES;
				CLANG_WARN_ENUM_CONVERSION = YES;
				CLANG_WARN_INFINITE_RECURSION = YES;
				CLANG_WARN_INT_CONVERSION = YES;
				CLANG_WARN_NON_LITERAL_NULL_CONVERSION = YES;
				CLANG_WARN_OBJC_LITERAL_CONVERSION = YES;
				CLANG_WARN_OBJC_ROOT_CLASS = YES_ERROR;
				CLANG_WARN_RANGE_LOOP_ANALYSIS = YES;
				CLANG_WARN_STRICT_PROTOTYPES = YES;
				CLANG_WARN_SUSPICIOUS_MOVE = YES;
				CLANG_WARN_UNGUARDED_AVAILABILITY = YES_AGGRESSIVE;
				CLANG_WARN_UNREACHABLE_CODE = YES;
				CLANG_WARN__DUPLICATE_METHOD_MATCH = YES;
				CODE_SIGN_IDENTITY = "iPhone Developer";
				COPY_PHASE_STRIP = NO;
				DEBUG_INFORMATION_FORMAT = dwarf;
				ENABLE_STRICT_OBJC_MSGSEND = YES;
				ENABLE_TESTABILITY = YES;
				GCC_C_LANGUAGE_STANDARD = gnu11;
				GCC_DYNAMIC_NO_PIC = NO;
				GCC_NO_COMMON_BLOCKS = YES;
				GCC_OPTIMIZATION_LEVEL = 0;
				GCC_PREPROCESSOR_DEFINITIONS = (
					"DEBUG=1",
					"$(inherited)",
				);
				GCC_WARN_64_TO_32_BIT_CONVERSION = YES;
				GCC_WARN_ABOUT_RETURN_TYPE = YES_ERROR;
				GCC_WARN_UNDECLARED_SELECTOR = YES;
				GCC_WARN_UNINITIALIZED_AUTOS = YES_AGGRESSIVE;
				GCC_WARN_UNUSED_FUNCTION = YES;
				GCC_WARN_UNUSED_VARIABLE = YES;
				IPHONEOS_DEPLOYMENT_TARGET = 11.2;
				MTL_ENABLE_DEBUG_INFO = YES;
				ONLY_ACTIVE_ARCH = YES;
				SDKROOT = iphoneos;
				SWIFT_ACTIVE_COMPILATION_CONDITIONS = DEBUG;
				SWIFT_OPTIMIZATION_LEVEL = "-Onone";
			};
			name = Debug;
		};
		B21ABFF0206E54A30055B2D9 /* Release */ = {
			isa = XCBuildConfiguration;
			buildSettings = {
				ALWAYS_SEARCH_USER_PATHS = NO;
				CLANG_ANALYZER_NONNULL = YES;
				CLANG_ANALYZER_NUMBER_OBJECT_CONVERSION = YES_AGGRESSIVE;
				CLANG_CXX_LANGUAGE_STANDARD = "gnu++14";
				CLANG_CXX_LIBRARY = "libc++";
				CLANG_ENABLE_MODULES = YES;
				CLANG_ENABLE_OBJC_ARC = YES;
				CLANG_WARN_BLOCK_CAPTURE_AUTORELEASING = YES;
				CLANG_WARN_BOOL_CONVERSION = YES;
				CLANG_WARN_COMMA = YES;
				CLANG_WARN_CONSTANT_CONVERSION = YES;
				CLANG_WARN_DIRECT_OBJC_ISA_USAGE = YES_ERROR;
				CLANG_WARN_DOCUMENTATION_COMMENTS = YES;
				CLANG_WARN_EMPTY_BODY = YES;
				CLANG_WARN_ENUM_CONVERSION = YES;
				CLANG_WARN_INFINITE_RECURSION = YES;
				CLANG_WARN_INT_CONVERSION = YES;
				CLANG_WARN_NON_LITERAL_NULL_CONVERSION = YES;
				CLANG_WARN_OBJC_LITERAL_CONVERSION = YES;
				CLANG_WARN_OBJC_ROOT_CLASS = YES_ERROR;
				CLANG_WARN_RANGE_LOOP_ANALYSIS = YES;
				CLANG_WARN_STRICT_PROTOTYPES = YES;
				CLANG_WARN_SUSPICIOUS_MOVE = YES;
				CLANG_WARN_UNGUARDED_AVAILABILITY = YES_AGGRESSIVE;
				CLANG_WARN_UNREACHABLE_CODE = YES;
				CLANG_WARN__DUPLICATE_METHOD_MATCH = YES;
				CODE_SIGN_IDENTITY = "iPhone Developer";
				COPY_PHASE_STRIP = NO;
				DEBUG_INFORMATION_FORMAT = "dwarf-with-dsym";
				ENABLE_NS_ASSERTIONS = NO;
				ENABLE_STRICT_OBJC_MSGSEND = YES;
				GCC_C_LANGUAGE_STANDARD = gnu11;
				GCC_NO_COMMON_BLOCKS = YES;
				GCC_WARN_64_TO_32_BIT_CONVERSION = YES;
				GCC_WARN_ABOUT_RETURN_TYPE = YES_ERROR;
				GCC_WARN_UNDECLARED_SELECTOR = YES;
				GCC_WARN_UNINITIALIZED_AUTOS = YES_AGGRESSIVE;
				GCC_WARN_UNUSED_FUNCTION = YES;
				GCC_WARN_UNUSED_VARIABLE = YES;
				IPHONEOS_DEPLOYMENT_TARGET = 11.2;
				MTL_ENABLE_DEBUG_INFO = NO;
				SDKROOT = iphoneos;
				SWIFT_OPTIMIZATION_LEVEL = "-Owholemodule";
				VALIDATE_PRODUCT = YES;
			};
			name = Release;
		};
		B21ABFF2206E54A30055B2D9 /* Debug */ = {
			isa = XCBuildConfiguration;
			buildSettings = {
				ASSETCATALOG_COMPILER_APPICON_NAME = AppIcon;
				CODE_SIGN_STYLE = Automatic;
				INFOPLIST_FILE = final/Info.plist;
				LD_RUNPATH_SEARCH_PATHS = "$(inherited) @executable_path/Frameworks";
				PRODUCT_BUNDLE_IDENTIFIER = ua.com.odessite.final;
				PRODUCT_NAME = "$(TARGET_NAME)";
				SWIFT_VERSION = 4.0;
				TARGETED_DEVICE_FAMILY = "1,2";
			};
			name = Debug;
		};
		B21ABFF3206E54A30055B2D9 /* Release */ = {
			isa = XCBuildConfiguration;
			buildSettings = {
				ASSETCATALOG_COMPILER_APPICON_NAME = AppIcon;
				CODE_SIGN_STYLE = Automatic;
				INFOPLIST_FILE = final/Info.plist;
				LD_RUNPATH_SEARCH_PATHS = "$(inherited) @executable_path/Frameworks";
				PRODUCT_BUNDLE_IDENTIFIER = ua.com.odessite.final;
				PRODUCT_NAME = "$(TARGET_NAME)";
				SWIFT_VERSION = 4.0;
				TARGETED_DEVICE_FAMILY = "1,2";
			};
			name = Release;
		};
		B21ABFF5206E54A30055B2D9 /* Debug */ = {
			isa = XCBuildConfiguration;
			buildSettings = {
				ALWAYS_EMBED_SWIFT_STANDARD_LIBRARIES = YES;
				BUNDLE_LOADER = "$(TEST_HOST)";
				CODE_SIGN_STYLE = Automatic;
				INFOPLIST_FILE = finalTests/Info.plist;
				LD_RUNPATH_SEARCH_PATHS = "$(inherited) @executable_path/Frameworks @loader_path/Frameworks";
				PRODUCT_BUNDLE_IDENTIFIER = ua.com.odessite.finalTests;
				PRODUCT_NAME = "$(TARGET_NAME)";
				SWIFT_VERSION = 4.0;
				TARGETED_DEVICE_FAMILY = "1,2";
				TEST_HOST = "$(BUILT_PRODUCTS_DIR)/final.app/final";
			};
			name = Debug;
		};
		B21ABFF6206E54A30055B2D9 /* Release */ = {
			isa = XCBuildConfiguration;
			buildSettings = {
				ALWAYS_EMBED_SWIFT_STANDARD_LIBRARIES = YES;
				BUNDLE_LOADER = "$(TEST_HOST)";
				CODE_SIGN_STYLE = Automatic;
				INFOPLIST_FILE = finalTests/Info.plist;
				LD_RUNPATH_SEARCH_PATHS = "$(inherited) @executable_path/Frameworks @loader_path/Frameworks";
				PRODUCT_BUNDLE_IDENTIFIER = ua.com.odessite.finalTests;
				PRODUCT_NAME = "$(TARGET_NAME)";
				SWIFT_VERSION = 4.0;
				TARGETED_DEVICE_FAMILY = "1,2";
				TEST_HOST = "$(BUILT_PRODUCTS_DIR)/final.app/final";
			};
			name = Release;
		};
		B21ABFF8206E54A30055B2D9 /* Debug */ = {
			isa = XCBuildConfiguration;
			buildSettings = {
				ALWAYS_EMBED_SWIFT_STANDARD_LIBRARIES = YES;
				CODE_SIGN_STYLE = Automatic;
				INFOPLIST_FILE = finalUITests/Info.plist;
				LD_RUNPATH_SEARCH_PATHS = "$(inherited) @executable_path/Frameworks @loader_path/Frameworks";
				PRODUCT_BUNDLE_IDENTIFIER = ua.com.odessite.finalUITests;
				PRODUCT_NAME = "$(TARGET_NAME)";
				SWIFT_VERSION = 4.0;
				TARGETED_DEVICE_FAMILY = "1,2";
				TEST_TARGET_NAME = final;
			};
			name = Debug;
		};
		B21ABFF9206E54A30055B2D9 /* Release */ = {
			isa = XCBuildConfiguration;
			buildSettings = {
				ALWAYS_EMBED_SWIFT_STANDARD_LIBRARIES = YES;
				CODE_SIGN_STYLE = Automatic;
				INFOPLIST_FILE = finalUITests/Info.plist;
				LD_RUNPATH_SEARCH_PATHS = "$(inherited) @executable_path/Frameworks @loader_path/Frameworks";
				PRODUCT_BUNDLE_IDENTIFIER = ua.com.odessite.finalUITests;
				PRODUCT_NAME = "$(TARGET_NAME)";
				SWIFT_VERSION = 4.0;
				TARGETED_DEVICE_FAMILY = "1,2";
				TEST_TARGET_NAME = final;
			};
			name = Release;
		};
/* End XCBuildConfiguration section */

/* Begin XCConfigurationList section */
		B21ABFC4206E54A30055B2D9 /* Build configuration list for PBXProject "final" */ = {
			isa = XCConfigurationList;
			buildConfigurations = (
				B21ABFEF206E54A30055B2D9 /* Debug */,
				B21ABFF0206E54A30055B2D9 /* Release */,
			);
			defaultConfigurationIsVisible = 0;
			defaultConfigurationName = Release;
		};
		B21ABFF1206E54A30055B2D9 /* Build configuration list for PBXNativeTarget "final" */ = {
			isa = XCConfigurationList;
			buildConfigurations = (
				B21ABFF2206E54A30055B2D9 /* Debug */,
				B21ABFF3206E54A30055B2D9 /* Release */,
			);
			defaultConfigurationIsVisible = 0;
			defaultConfigurationName = Release;
		};
		B21ABFF4206E54A30055B2D9 /* Build configuration list for PBXNativeTarget "finalTests" */ = {
			isa = XCConfigurationList;
			buildConfigurations = (
				B21ABFF5206E54A30055B2D9 /* Debug */,
				B21ABFF6206E54A30055B2D9 /* Release */,
			);
			defaultConfigurationIsVisible = 0;
			defaultConfigurationName = Release;
		};
		B21ABFF7206E54A30055B2D9 /* Build configuration list for PBXNativeTarget "finalUITests" */ = {
			isa = XCConfigurationList;
			buildConfigurations = (
				B21ABFF8206E54A30055B2D9 /* Debug */,
				B21ABFF9206E54A30055B2D9 /* Release */,
			);
			defaultConfigurationIsVisible = 0;
			defaultConfigurationName = Release;
		};
/* End XCConfigurationList section */
	};
	rootObject = B21ABFC1206E54A30055B2D9 /* Project object */;
}
